// !$*UTF8*$!
{
	archiveVersion = 1;
	classes = {
	};
	objectVersion = 77;
	objects = {

/* Begin PBXBuildFile section */
		042A9B7730357C20007D8AE2 /* Assets.xcassets in Resources */ = {isa = PBXBuildFile; fileRef = 042A9B6E30357C20007D8AE2 /* Assets.xcassets */; };
		042A9B7930357C20007D8AE2 /* LaunchScreen.storyboard in Resources */ = {isa = PBXBuildFile; fileRef = 042A9B7130357C20007D8AE2 /* LaunchScreen.storyboard */; };
		042A9B7A30357C20007D8AE2 /* Main.storyboard in Resources */ = {isa = PBXBuildFile; fileRef = 042A9B7330357C20007D8AE2 /* Main.storyboard */; };
		042A9B7B30357C20007D8AE2 /* AppDelegate.swift in Sources */ = {isa = PBXBuildFile; fileRef = 042A9B6D30357C20007D8AE2 /* AppDelegate.swift */; };
		042A9B7C30357C20007D8AE2 /* SceneDelegate.swift in Sources */ = {isa = PBXBuildFile; fileRef = 042A9B7430357C20007D8AE2 /* SceneDelegate.swift */; };
		042A9B7D30357C20007D8AE2 /* ViewController.swift in Sources */ = {isa = PBXBuildFile; fileRef = 042A9B7530357C20007D8AE2 /* ViewController.swift */; };
		042A9B8030357C23007D8AE2 /* JournalNoteTests.swift in Sources */ = {isa = PBXBuildFile; fileRef = 042A9B7E30357C23007D8AE2 /* JournalNoteTests.swift */; };
		042A9B8430357C26007D8AE2 /* JournalNoteUITests.swift in Sources */ = {isa = PBXBuildFile; fileRef = 042A9B8130357C26007D8AE2 /* JournalNoteUITests.swift */; };
		042A9B8530357C26007D8AE2 /* JournalNoteUITestsLaunchTests.swift in Sources */ = {isa = PBXBuildFile; fileRef = 042A9B8230357C26007D8AE2 /* JournalNoteUITestsLaunchTests.swift */; };
		042A9B8A30357CA3007D8AE2 /* shiguang-design-spec.md in Resources */ = {isa = PBXBuildFile; fileRef = 042A9B8730357CA3007D8AE2 /* shiguang-design-spec.md */; };
		042A9B8B30357CA3007D8AE2 /* overview.md in Resources */ = {isa = PBXBuildFile; fileRef = 042A9B8630357CA3007D8AE2 /* overview.md */; };
		042A9B8C30357CA3007D8AE2 /* shiguang-design-system.html in Resources */ = {isa = PBXBuildFile; fileRef = 042A9B8830357CA3007D8AE2 /* shiguang-design-system.html */; };
		042A9BA230357D72007D8AE2 /* TimelineViewController.swift in Sources */ = {isa = PBXBuildFile; fileRef = 042A9B9330357D72007D8AE2 /* TimelineViewController.swift */; };
		042A9BA330357D72007D8AE2 /* PaperComponents.swift in Sources */ = {isa = PBXBuildFile; fileRef = 042A9BA030357D72007D8AE2 /* PaperComponents.swift */; };
		042A9BA430357D72007D8AE2 /* JournalSetting.swift in Sources */ = {isa = PBXBuildFile; fileRef = 042A9B9930357D72007D8AE2 /* JournalSetting.swift */; };
		042A9BA530357D72007D8AE2 /* JournalTabBarController.swift in Sources */ = {isa = PBXBuildFile; fileRef = 042A9B9130357D72007D8AE2 /* JournalTabBarController.swift */; };
		042A9BA630357D72007D8AE2 /* JournalCardCell.swift in Sources */ = {isa = PBXBuildFile; fileRef = 042A9B9E30357D72007D8AE2 /* JournalCardCell.swift */; };
		042A9BA730357D72007D8AE2 /* CalendarViewController.swift in Sources */ = {isa = PBXBuildFile; fileRef = 042A9B8D30357D72007D8AE2 /* CalendarViewController.swift */; };
		042A9BA830357D72007D8AE2 /* MoodPickerView.swift in Sources */ = {isa = PBXBuildFile; fileRef = 042A9B9F30357D72007D8AE2 /* MoodPickerView.swift */; };
		042A9BA930357D72007D8AE2 /* JournalEntry.swift in Sources */ = {isa = PBXBuildFile; fileRef = 042A9B9730357D72007D8AE2 /* JournalEntry.swift */; };
		042A9BAA30357D72007D8AE2 /* ProfileViewController.swift in Sources */ = {isa = PBXBuildFile; fileRef = 042A9B9230357D72007D8AE2 /* ProfileViewController.swift */; };
		042A9BAB30357D72007D8AE2 /* JournalRepository.swift in Sources */ = {isa = PBXBuildFile; fileRef = 042A9B9B30357D72007D8AE2 /* JournalRepository.swift */; };
		042A9BAC30357D72007D8AE2 /* JournalMood.swift in Sources */ = {isa = PBXBuildFile; fileRef = 042A9B9830357D72007D8AE2 /* JournalMood.swift */; };
		042A9BAD30357D72007D8AE2 /* JournalDesign.swift in Sources */ = {isa = PBXBuildFile; fileRef = 042A9B9530357D72007D8AE2 /* JournalDesign.swift */; };
		042A9BAE30357D72007D8AE2 /* ComposeViewController.swift in Sources */ = {isa = PBXBuildFile; fileRef = 042A9B8E30357D72007D8AE2 /* ComposeViewController.swift */; };
		042A9BAF30357D72007D8AE2 /* JournalBaseViewController.swift in Sources */ = {isa = PBXBuildFile; fileRef = 042A9B8F30357D72007D8AE2 /* JournalBaseViewController.swift */; };
		042A9BB030357D72007D8AE2 /* CalendarDayCell.swift in Sources */ = {isa = PBXBuildFile; fileRef = 042A9B9D30357D72007D8AE2 /* CalendarDayCell.swift */; };
		042A9BB130357D72007D8AE2 /* JournalDetailViewController.swift in Sources */ = {isa = PBXBuildFile; fileRef = 042A9B9030357D72007D8AE2 /* JournalDetailViewController.swift */; };
		04A10002306A000000000001 /* OnboardingViewController.swift in Sources */ = {isa = PBXBuildFile; fileRef = 04A10001306A000000000001 /* OnboardingViewController.swift */; };
		04D218B53036CB2A000C304D /* README.md in Resources */ = {isa = PBXBuildFile; fileRef = 04D218B43036CB29000C304D /* README.md */; };
		04D218B73036D4CF000C304D /* upload_ipa_to_pgyer.sh in Resources */ = {isa = PBXBuildFile; fileRef = 04D218B63036D4CF000C304D /* upload_ipa_to_pgyer.sh */; };
		4AB779239460BFF45FD97FFF /* Pods_JournalNote_JournalNoteUITests.framework in Frameworks */ = {isa = PBXBuildFile; fileRef = CB2F3514EF8249231A6C8ABA /* Pods_JournalNote_JournalNoteUITests.framework */; };
		60A2ED92A081AF59D7396BC0 /* Pods_JournalNoteTests.framework in Frameworks */ = {isa = PBXBuildFile; fileRef = 2DC97418C565E3F68CF93C8E /* Pods_JournalNoteTests.framework */; };
		9DA3A6D807E89B1FFB35B5A9 /* Pods_JournalNote.framework in Frameworks */ = {isa = PBXBuildFile; fileRef = C6000BC69560BC1E824A4076 /* Pods_JournalNote.framework */; };
/* End PBXBuildFile section */

/* Begin PBXContainerItemProxy section */
		042A9B5030357C17007D8AE2 /* PBXContainerItemProxy */ = {
			isa = PBXContainerItemProxy;
			containerPortal = 042A9B3130357C15007D8AE2 /* Project object */;
			proxyType = 1;
			remoteGlobalIDString = 042A9B3830357C15007D8AE2;
			remoteInfo = JournalNote;
		};
		042A9B5A30357C17007D8AE2 /* PBXContainerItemProxy */ = {
			isa = PBXContainerItemProxy;
			containerPortal = 042A9B3130357C15007D8AE2 /* Project object */;
			proxyType = 1;
			remoteGlobalIDString = 042A9B3830357C15007D8AE2;
			remoteInfo = JournalNote;
		};
/* End PBXContainerItemProxy section */

/* Begin PBXFileReference section */
		042A9B3930357C15007D8AE2 /* JournalNote.app */ = {isa = PBXFileReference; explicitFileType = wrapper.application; includeInIndex = 0; path = JournalNote.app; sourceTree = BUILT_PRODUCTS_DIR; };
		042A9B4F30357C17007D8AE2 /* JournalNoteTests.xctest */ = {isa = PBXFileReference; explicitFileType = wrapper.cfbundle; includeInIndex = 0; path = JournalNoteTests.xctest; sourceTree = BUILT_PRODUCTS_DIR; };
		042A9B5930357C17007D8AE2 /* JournalNoteUITests.xctest */ = {isa = PBXFileReference; explicitFileType = wrapper.cfbundle; includeInIndex = 0; path = JournalNoteUITests.xctest; sourceTree = BUILT_PRODUCTS_DIR; };
		042A9B6D30357C20007D8AE2 /* AppDelegate.swift */ = {isa = PBXFileReference; lastKnownFileType = sourcecode.swift; path = AppDelegate.swift; sourceTree = "<group>"; };
		042A9B6E30357C20007D8AE2 /* Assets.xcassets */ = {isa = PBXFileReference; lastKnownFileType = folder.assetcatalog; path = Assets.xcassets; sourceTree = "<group>"; };
		042A9B6F30357C20007D8AE2 /* Info.plist */ = {isa = PBXFileReference; lastKnownFileType = text.plist.xml; path = Info.plist; sourceTree = "<group>"; };
		042A9B7030357C20007D8AE2 /* Base */ = {isa = PBXFileReference; lastKnownFileType = file.storyboard; name = Base; path = Base.lproj/LaunchScreen.storyboard; sourceTree = "<group>"; };
		042A9B7230357C20007D8AE2 /* Base */ = {isa = PBXFileReference; lastKnownFileType = file.storyboard; name = Base; path = Base.lproj/Main.storyboard; sourceTree = "<group>"; };
		042A9B7430357C20007D8AE2 /* SceneDelegate.swift */ = {isa = PBXFileReference; lastKnownFileType = sourcecode.swift; path = SceneDelegate.swift; sourceTree = "<group>"; };
		042A9B7530357C20007D8AE2 /* ViewController.swift */ = {isa = PBXFileReference; lastKnownFileType = sourcecode.swift; path = ViewController.swift; sourceTree = "<group>"; };
		042A9B7E30357C23007D8AE2 /* JournalNoteTests.swift */ = {isa = PBXFileReference; lastKnownFileType = sourcecode.swift; path = JournalNoteTests.swift; sourceTree = "<group>"; };
		042A9B8130357C26007D8AE2 /* JournalNoteUITests.swift */ = {isa = PBXFileReference; lastKnownFileType = sourcecode.swift; path = JournalNoteUITests.swift; sourceTree = "<group>"; };
		042A9B8230357C26007D8AE2 /* JournalNoteUITestsLaunchTests.swift */ = {isa = PBXFileReference; lastKnownFileType = sourcecode.swift; path = JournalNoteUITestsLaunchTests.swift; sourceTree = "<group>"; };
		042A9B8630357CA3007D8AE2 /* overview.md */ = {isa = PBXFileReference; lastKnownFileType = net.daringfireball.markdown; path = overview.md; sourceTree = "<group>"; };
		042A9B8730357CA3007D8AE2 /* shiguang-design-spec.md */ = {isa = PBXFileReference; lastKnownFileType = net.daringfireball.markdown; path = "shiguang-design-spec.md"; sourceTree = "<group>"; };
		042A9B8830357CA3007D8AE2 /* shiguang-design-system.html */ = {isa = PBXFileReference; lastKnownFileType = text.html; path = "shiguang-design-system.html"; sourceTree = "<group>"; };
		042A9B8D30357D72007D8AE2 /* CalendarViewController.swift */ = {isa = PBXFileReference; lastKnownFileType = sourcecode.swift; path = CalendarViewController.swift; sourceTree = "<group>"; };
		042A9B8E30357D72007D8AE2 /* ComposeViewController.swift */ = {isa = PBXFileReference; lastKnownFileType = sourcecode.swift; path = ComposeViewController.swift; sourceTree = "<group>"; };
		042A9B8F30357D72007D8AE2 /* JournalBaseViewController.swift */ = {isa = PBXFileReference; lastKnownFileType = sourcecode.swift; path = JournalBaseViewController.swift; sourceTree = "<group>"; };
		042A9B9030357D72007D8AE2 /* JournalDetailViewController.swift */ = {isa = PBXFileReference; lastKnownFileType = sourcecode.swift; path = JournalDetailViewController.swift; sourceTree = "<group>"; };
		042A9B9130357D72007D8AE2 /* JournalTabBarController.swift */ = {isa = PBXFileReference; lastKnownFileType = sourcecode.swift; path = JournalTabBarController.swift; sourceTree = "<group>"; };
		042A9B9230357D72007D8AE2 /* ProfileViewController.swift */ = {isa = PBXFileReference; lastKnownFileType = sourcecode.swift; path = ProfileViewController.swift; sourceTree = "<group>"; };
		042A9B9330357D72007D8AE2 /* TimelineViewController.swift */ = {isa = PBXFileReference; lastKnownFileType = sourcecode.swift; path = TimelineViewController.swift; sourceTree = "<group>"; };
		042A9B9530357D72007D8AE2 /* JournalDesign.swift */ = {isa = PBXFileReference; lastKnownFileType = sourcecode.swift; path = JournalDesign.swift; sourceTree = "<group>"; };
		042A9B9730357D72007D8AE2 /* JournalEntry.swift */ = {isa = PBXFileReference; lastKnownFileType = sourcecode.swift; path = JournalEntry.swift; sourceTree = "<group>"; };
		042A9B9830357D72007D8AE2 /* JournalMood.swift */ = {isa = PBXFileReference; lastKnownFileType = sourcecode.swift; path = JournalMood.swift; sourceTree = "<group>"; };
		042A9B9930357D72007D8AE2 /* JournalSetting.swift */ = {isa = PBXFileReference; lastKnownFileType = sourcecode.swift; path = JournalSetting.swift; sourceTree = "<group>"; };
		042A9B9B30357D72007D8AE2 /* JournalRepository.swift */ = {isa = PBXFileReference; lastKnownFileType = sourcecode.swift; path = JournalRepository.swift; sourceTree = "<group>"; };
		042A9B9D30357D72007D8AE2 /* CalendarDayCell.swift */ = {isa = PBXFileReference; lastKnownFileType = sourcecode.swift; path = CalendarDayCell.swift; sourceTree = "<group>"; };
		042A9B9E30357D72007D8AE2 /* JournalCardCell.swift */ = {isa = PBXFileReference; lastKnownFileType = sourcecode.swift; path = JournalCardCell.swift; sourceTree = "<group>"; };
		042A9B9F30357D72007D8AE2 /* MoodPickerView.swift */ = {isa = PBXFileReference; lastKnownFileType = sourcecode.swift; path = MoodPickerView.swift; sourceTree = "<group>"; };
		042A9BA030357D72007D8AE2 /* PaperComponents.swift */ = {isa = PBXFileReference; lastKnownFileType = sourcecode.swift; path = PaperComponents.swift; sourceTree = "<group>"; };
		04A10001306A000000000001 /* OnboardingViewController.swift */ = {isa = PBXFileReference; lastKnownFileType = sourcecode.swift; path = OnboardingViewController.swift; sourceTree = "<group>"; };
		04D218B43036CB29000C304D /* README.md */ = {isa = PBXFileReference; lastKnownFileType = net.daringfireball.markdown; path = README.md; sourceTree = "<group>"; };
		04D218B63036D4CF000C304D /* upload_ipa_to_pgyer.sh */ = {isa = PBXFileReference; lastKnownFileType = text.script.sh; path = upload_ipa_to_pgyer.sh; sourceTree = "<group>"; };
		106573FE886035CD55601DBC /* Pods-JournalNote.debug.xcconfig */ = {isa = PBXFileReference; includeInIndex = 1; lastKnownFileType = text.xcconfig; name = "Pods-JournalNote.debug.xcconfig"; path = "Target Support Files/Pods-JournalNote/Pods-JournalNote.debug.xcconfig"; sourceTree = "<group>"; };
		21A66107176B75A55AD2EE16 /* Pods-JournalNote-JournalNoteUITests.debug.xcconfig */ = {isa = PBXFileReference; includeInIndex = 1; lastKnownFileType = text.xcconfig; name = "Pods-JournalNote-JournalNoteUITests.debug.xcconfig"; path = "Target Support Files/Pods-JournalNote-JournalNoteUITests/Pods-JournalNote-JournalNoteUITests.debug.xcconfig"; sourceTree = "<group>"; };
		2DC97418C565E3F68CF93C8E /* Pods_JournalNoteTests.framework */ = {isa = PBXFileReference; explicitFileType = wrapper.framework; includeInIndex = 0; path = Pods_JournalNoteTests.framework; sourceTree = BUILT_PRODUCTS_DIR; };
		69A62BDB45C7E51732986329 /* Pods-JournalNote.release.xcconfig */ = {isa = PBXFileReference; includeInIndex = 1; lastKnownFileType = text.xcconfig; name = "Pods-JournalNote.release.xcconfig"; path = "Target Support Files/Pods-JournalNote/Pods-JournalNote.release.xcconfig"; sourceTree = "<group>"; };
		9463C29DA42EE3D4EDB0728C /* Pods-JournalNote-JournalNoteUITests.release.xcconfig */ = {isa = PBXFileReference; includeInIndex = 1; lastKnownFileType = text.xcconfig; name = "Pods-JournalNote-JournalNoteUITests.release.xcconfig"; path = "Target Support Files/Pods-JournalNote-JournalNoteUITests/Pods-JournalNote-JournalNoteUITests.release.xcconfig"; sourceTree = "<group>"; };
		C6000BC69560BC1E824A4076 /* Pods_JournalNote.framework */ = {isa = PBXFileReference; explicitFileType = wrapper.framework; includeInIndex = 0; path = Pods_JournalNote.framework; sourceTree = BUILT_PRODUCTS_DIR; };
		CB2F3514EF8249231A6C8ABA /* Pods_JournalNote_JournalNoteUITests.framework */ = {isa = PBXFileReference; explicitFileType = wrapper.framework; includeInIndex = 0; path = Pods_JournalNote_JournalNoteUITests.framework; sourceTree = BUILT_PRODUCTS_DIR; };
		EA010329E13C089E15B0F26F /* Pods-JournalNoteTests.debug.xcconfig */ = {isa = PBXFileReference; includeInIndex = 1; lastKnownFileType = text.xcconfig; name = "Pods-JournalNoteTests.debug.xcconfig"; path = "Target Support Files/Pods-JournalNoteTests/Pods-JournalNoteTests.debug.xcconfig"; sourceTree = "<group>"; };
		F4FBE44E69824B9427DB4F5C /* Pods-JournalNoteTests.release.xcconfig */ = {isa = PBXFileReference; includeInIndex = 1; lastKnownFileType = text.xcconfig; name = "Pods-JournalNoteTests.release.xcconfig"; path = "Target Support Files/Pods-JournalNoteTests/Pods-JournalNoteTests.release.xcconfig"; sourceTree = "<group>"; };
/* End PBXFileReference section */

/* Begin PBXFrameworksBuildPhase section */
		042A9B3630357C15007D8AE2 /* Frameworks */ = {
			isa = PBXFrameworksBuildPhase;
			buildActionMask = 2147483647;
			files = (
				9DA3A6D807E89B1FFB35B5A9 /* Pods_JournalNote.framework in Frameworks */,
			);
			runOnlyForDeploymentPostprocessing = 0;
		};
		042A9B4C30357C17007D8AE2 /* Frameworks */ = {
			isa = PBXFrameworksBuildPhase;
			buildActionMask = 2147483647;
			files = (
				60A2ED92A081AF59D7396BC0 /* Pods_JournalNoteTests.framework in Frameworks */,
			);
			runOnlyForDeploymentPostprocessing = 0;
		};
		042A9B5630357C17007D8AE2 /* Frameworks */ = {
			isa = PBXFrameworksBuildPhase;
			buildActionMask = 2147483647;
			files = (
				4AB779239460BFF45FD97FFF /* Pods_JournalNote_JournalNoteUITests.framework in Frameworks */,
			);
			runOnlyForDeploymentPostprocessing = 0;
		};
/* End PBXFrameworksBuildPhase section */

/* Begin PBXGroup section */
		042A9B3030357C15007D8AE2 = {
			isa = PBXGroup;
			children = (
				04D218B43036CB29000C304D /* README.md */,
				04D218B63036D4CF000C304D /* upload_ipa_to_pgyer.sh */,
				042A9B7630357C20007D8AE2 /* JournalNote */,
				042A9B7F30357C23007D8AE2 /* JournalNoteTests */,
				042A9B8330357C26007D8AE2 /* JournalNoteUITests */,
				042A9B3A30357C15007D8AE2 /* Products */,
				9EC81229E4BA42B2122CEE00 /* Pods */,
				5114442DD05FFD3FACC660E5 /* Frameworks */,
			);
			sourceTree = "<group>";
		};
		042A9B3A30357C15007D8AE2 /* Products */ = {
			isa = PBXGroup;
			children = (
				042A9B3930357C15007D8AE2 /* JournalNote.app */,
				042A9B4F30357C17007D8AE2 /* JournalNoteTests.xctest */,
				042A9B5930357C17007D8AE2 /* JournalNoteUITests.xctest */,
			);
			name = Products;
			sourceTree = "<group>";
		};
		042A9B7630357C20007D8AE2 /* JournalNote */ = {
			isa = PBXGroup;
			children = (
				042A9B8930357CA3007D8AE2 /* design */,
				042A9B9430357D72007D8AE2 /* Controllers */,
				042A9B9630357D72007D8AE2 /* Core */,
				042A9B9A30357D72007D8AE2 /* Models */,
				042A9B9C30357D72007D8AE2 /* Persistence */,
				042A9BA130357D72007D8AE2 /* Views */,
				042A9B6D30357C20007D8AE2 /* AppDelegate.swift */,
				042A9B6E30357C20007D8AE2 /* Assets.xcassets */,
				042A9B6F30357C20007D8AE2 /* Info.plist */,
				042A9B7130357C20007D8AE2 /* LaunchScreen.storyboard */,
				042A9B7330357C20007D8AE2 /* Main.storyboard */,
				042A9B7430357C20007D8AE2 /* SceneDelegate.swift */,
				042A9B7530357C20007D8AE2 /* ViewController.swift */,
			);
			path = JournalNote;
			sourceTree = "<group>";
		};
		042A9B7F30357C23007D8AE2 /* JournalNoteTests */ = {
			isa = PBXGroup;
			children = (
				042A9B7E30357C23007D8AE2 /* JournalNoteTests.swift */,
			);
			path = JournalNoteTests;
			sourceTree = "<group>";
		};
		042A9B8330357C26007D8AE2 /* JournalNoteUITests */ = {
			isa = PBXGroup;
			children = (
				042A9B8130357C26007D8AE2 /* JournalNoteUITests.swift */,
				042A9B8230357C26007D8AE2 /* JournalNoteUITestsLaunchTests.swift */,
			);
			path = JournalNoteUITests;
			sourceTree = "<group>";
		};
		042A9B8930357CA3007D8AE2 /* design */ = {
			isa = PBXGroup;
			children = (
				042A9B8630357CA3007D8AE2 /* overview.md */,
				042A9B8730357CA3007D8AE2 /* shiguang-design-spec.md */,
				042A9B8830357CA3007D8AE2 /* shiguang-design-system.html */,
			);
			path = design;
			sourceTree = "<group>";
		};
		042A9B9430357D72007D8AE2 /* Controllers */ = {
			isa = PBXGroup;
			children = (
				042A9BB230358217007D8AE2 /* Base */,
				045469F9303699EB0044576D /* Welcome */,
				045469F6303694000044576D /* TimeLine */,
				045469F73036985C0044576D /* Calendar */,
				045469F8303698B70044576D /* Profile */,
			);
			path = Controllers;
			sourceTree = "<group>";
		};
		042A9B9630357D72007D8AE2 /* Core */ = {
			isa = PBXGroup;
			children = (
				042A9B9530357D72007D8AE2 /* JournalDesign.swift */,
			);
			path = Core;
			sourceTree = "<group>";
		};
		042A9B9A30357D72007D8AE2 /* Models */ = {
			isa = PBXGroup;
			children = (
				042A9B9730357D72007D8AE2 /* JournalEntry.swift */,
				042A9B9830357D72007D8AE2 /* JournalMood.swift */,
				042A9B9930357D72007D8AE2 /* JournalSetting.swift */,
			);
			path = Models;
			sourceTree = "<group>";
		};
		042A9B9C30357D72007D8AE2 /* Persistence */ = {
			isa = PBXGroup;
			children = (
				042A9B9B30357D72007D8AE2 /* JournalRepository.swift */,
			);
			path = Persistence;
			sourceTree = "<group>";
		};
		042A9BA130357D72007D8AE2 /* Views */ = {
			isa = PBXGroup;
			children = (
				042A9B9D30357D72007D8AE2 /* CalendarDayCell.swift */,
				042A9B9E30357D72007D8AE2 /* JournalCardCell.swift */,
				042A9B9F30357D72007D8AE2 /* MoodPickerView.swift */,
				042A9BA030357D72007D8AE2 /* PaperComponents.swift */,
			);
			path = Views;
			sourceTree = "<group>";
		};
		042A9BB230358217007D8AE2 /* Base */ = {
			isa = PBXGroup;
			children = (
				042A9B9130357D72007D8AE2 /* JournalTabBarController.swift */,
				042A9B8F30357D72007D8AE2 /* JournalBaseViewController.swift */,
			);
			path = Base;
			sourceTree = "<group>";
		};
		045469F6303694000044576D /* TimeLine */ = {
			isa = PBXGroup;
			children = (
				042A9B9330357D72007D8AE2 /* TimelineViewController.swift */,
				042A9B8E30357D72007D8AE2 /* ComposeViewController.swift */,
				042A9B9030357D72007D8AE2 /* JournalDetailViewController.swift */,
			);
			path = TimeLine;
			sourceTree = "<group>";
		};
		045469F73036985C0044576D /* Calendar */ = {
			isa = PBXGroup;
			children = (
				042A9B8D30357D72007D8AE2 /* CalendarViewController.swift */,
			);
			path = Calendar;
			sourceTree = "<group>";
		};
		045469F8303698B70044576D /* Profile */ = {
			isa = PBXGroup;
			children = (
				042A9B9230357D72007D8AE2 /* ProfileViewController.swift */,
			);
			path = Profile;
			sourceTree = "<group>";
		};
		045469F9303699EB0044576D /* Welcome */ = {
			isa = PBXGroup;
			children = (
				04A10001306A000000000001 /* OnboardingViewController.swift */,
			);
			path = Welcome;
			sourceTree = "<group>";
		};
		5114442DD05FFD3FACC660E5 /* Frameworks */ = {
			isa = PBXGroup;
			children = (
				C6000BC69560BC1E824A4076 /* Pods_JournalNote.framework */,
				CB2F3514EF8249231A6C8ABA /* Pods_JournalNote_JournalNoteUITests.framework */,
				2DC97418C565E3F68CF93C8E /* Pods_JournalNoteTests.framework */,
			);
			name = Frameworks;
			sourceTree = "<group>";
		};
		9EC81229E4BA42B2122CEE00 /* Pods */ = {
			isa = PBXGroup;
			children = (
				106573FE886035CD55601DBC /* Pods-JournalNote.debug.xcconfig */,
				69A62BDB45C7E51732986329 /* Pods-JournalNote.release.xcconfig */,
				21A66107176B75A55AD2EE16 /* Pods-JournalNote-JournalNoteUITests.debug.xcconfig */,
				9463C29DA42EE3D4EDB0728C /* Pods-JournalNote-JournalNoteUITests.release.xcconfig */,
				EA010329E13C089E15B0F26F /* Pods-JournalNoteTests.debug.xcconfig */,
				F4FBE44E69824B9427DB4F5C /* Pods-JournalNoteTests.release.xcconfig */,
			);
			path = Pods;
			sourceTree = "<group>";
		};
/* End PBXGroup section */

/* Begin PBXNativeTarget section */
		042A9B3830357C15007D8AE2 /* JournalNote */ = {
			isa = PBXNativeTarget;
			buildConfigurationList = 042A9B6230357C17007D8AE2 /* Build configuration list for PBXNativeTarget "JournalNote" */;
			buildPhases = (
				9CF68A10F09941573C055DFC /* [CP] Check Pods Manifest.lock */,
				042A9B3530357C15007D8AE2 /* Sources */,
				042A9B3630357C15007D8AE2 /* Frameworks */,
				042A9B3730357C15007D8AE2 /* Resources */,
				57D0237EE59E55782F5EBEC9 /* [CP] Embed Pods Frameworks */,
			);
			buildRules = (
			);
			dependencies = (
			);
			name = JournalNote;
			productName = JournalNote;
			productReference = 042A9B3930357C15007D8AE2 /* JournalNote.app */;
			productType = "com.apple.product-type.application";
		};
		042A9B4E30357C17007D8AE2 /* JournalNoteTests */ = {
			isa = PBXNativeTarget;
			buildConfigurationList = 042A9B6730357C17007D8AE2 /* Build configuration list for PBXNativeTarget "JournalNoteTests" */;
			buildPhases = (
				69E7309F3E8DAD2D09783D8A /* [CP] Check Pods Manifest.lock */,
				042A9B4B30357C17007D8AE2 /* Sources */,
				042A9B4C30357C17007D8AE2 /* Frameworks */,
				042A9B4D30357C17007D8AE2 /* Resources */,
			);
			buildRules = (
			);
			dependencies = (
				042A9B5130357C17007D8AE2 /* PBXTargetDependency */,
			);
			name = JournalNoteTests;
			productName = JournalNoteTests;
			productReference = 042A9B4F30357C17007D8AE2 /* JournalNoteTests.xctest */;
			productType = "com.apple.product-type.bundle.unit-test";
		};
		042A9B5830357C17007D8AE2 /* JournalNoteUITests */ = {
			isa = PBXNativeTarget;
			buildConfigurationList = 042A9B6A30357C17007D8AE2 /* Build configuration list for PBXNativeTarget "JournalNoteUITests" */;
			buildPhases = (
				FDF76C186F101482005E253A /* [CP] Check Pods Manifest.lock */,
				042A9B5530357C17007D8AE2 /* Sources */,
				042A9B5630357C17007D8AE2 /* Frameworks */,
				042A9B5730357C17007D8AE2 /* Resources */,
				5B6A3DFC284B83EFA1288766 /* [CP] Embed Pods Frameworks */,
			);
			buildRules = (
			);
			dependencies = (
				042A9B5B30357C17007D8AE2 /* PBXTargetDependency */,
			);
			name = JournalNoteUITests;
			productName = JournalNoteUITests;
			productReference = 042A9B5930357C17007D8AE2 /* JournalNoteUITests.xctest */;
			productType = "com.apple.product-type.bundle.ui-testing";
		};
/* End PBXNativeTarget section */

/* Begin PBXProject section */
		042A9B3130357C15007D8AE2 /* Project object */ = {
			isa = PBXProject;
			attributes = {
				BuildIndependentTargetsInParallel = 1;
				LastSwiftUpdateCheck = 2660;
				LastUpgradeCheck = 2660;
				TargetAttributes = {
					042A9B3830357C15007D8AE2 = {
						CreatedOnToolsVersion = 26.6;
					};
					042A9B4E30357C17007D8AE2 = {
						CreatedOnToolsVersion = 26.6;
						TestTargetID = 042A9B3830357C15007D8AE2;
					};
					042A9B5830357C17007D8AE2 = {
						CreatedOnToolsVersion = 26.6;
						TestTargetID = 042A9B3830357C15007D8AE2;
					};
				};
			};
			buildConfigurationList = 042A9B3430357C15007D8AE2 /* Build configuration list for PBXProject "JournalNote" */;
			developmentRegion = en;
			hasScannedForEncodings = 0;
			knownRegions = (
				en,
				Base,
			);
			mainGroup = 042A9B3030357C15007D8AE2;
			minimizedProjectReferenceProxies = 1;
			preferredProjectObjectVersion = 77;
			productRefGroup = 042A9B3A30357C15007D8AE2 /* Products */;
			projectDirPath = "";
			projectRoot = "";
			targets = (
				042A9B3830357C15007D8AE2 /* JournalNote */,
				042A9B4E30357C17007D8AE2 /* JournalNoteTests */,
				042A9B5830357C17007D8AE2 /* JournalNoteUITests */,
			);
		};
/* End PBXProject section */

/* Begin PBXResourcesBuildPhase section */
		042A9B3730357C15007D8AE2 /* Resources */ = {
			isa = PBXResourcesBuildPhase;
			buildActionMask = 2147483647;
			files = (
				042A9B7730357C20007D8AE2 /* Assets.xcassets in Resources */,
				042A9B8A30357CA3007D8AE2 /* shiguang-design-spec.md in Resources */,
				042A9B8B30357CA3007D8AE2 /* overview.md in Resources */,
				04D218B53036CB2A000C304D /* README.md in Resources */,
				042A9B8C30357CA3007D8AE2 /* shiguang-design-system.html in Resources */,
				04D218B73036D4CF000C304D /* upload_ipa_to_pgyer.sh in Resources */,
				042A9B7930357C20007D8AE2 /* LaunchScreen.storyboard in Resources */,
				042A9B7A30357C20007D8AE2 /* Main.storyboard in Resources */,
			);
			runOnlyForDeploymentPostprocessing = 0;
		};
		042A9B4D30357C17007D8AE2 /* Resources */ = {
			isa = PBXResourcesBuildPhase;
			buildActionMask = 2147483647;
			files = (
			);
			runOnlyForDeploymentPostprocessing = 0;
		};
		042A9B5730357C17007D8AE2 /* Resources */ = {
			isa = PBXResourcesBuildPhase;
			buildActionMask = 2147483647;
			files = (
			);
			runOnlyForDeploymentPostprocessing = 0;
		};
/* End PBXResourcesBuildPhase section */

/* Begin PBXShellScriptBuildPhase section */
		57D0237EE59E55782F5EBEC9 /* [CP] Embed Pods Frameworks */ = {
			isa = PBXShellScriptBuildPhase;
			buildActionMask = 2147483647;
			files = (
			);
			inputFileListPaths = (
				"${PODS_ROOT}/Target Support Files/Pods-JournalNote/Pods-JournalNote-frameworks-${CONFIGURATION}-input-files.xcfilelist",
			);
			inputPaths = (
			);
			name = "[CP] Embed Pods Frameworks";
			outputFileListPaths = (
				"${PODS_ROOT}/Target Support Files/Pods-JournalNote/Pods-JournalNote-frameworks-${CONFIGURATION}-output-files.xcfilelist",
			);
			outputPaths = (
			);
			runOnlyForDeploymentPostprocessing = 0;
			shellPath = /bin/sh;
			shellScript = "\"${PODS_ROOT}/Target Support Files/Pods-JournalNote/Pods-JournalNote-frameworks.sh\"\n";
			showEnvVarsInLog = 0;
		};
		5B6A3DFC284B83EFA1288766 /* [CP] Embed Pods Frameworks */ = {
			isa = PBXShellScriptBuildPhase;
			buildActionMask = 2147483647;
			files = (
			);
			inputFileListPaths = (
				"${PODS_ROOT}/Target Support Files/Pods-JournalNote-JournalNoteUITests/Pods-JournalNote-JournalNoteUITests-frameworks-${CONFIGURATION}-input-files.xcfilelist",
			);
			inputPaths = (
			);
			name = "[CP] Embed Pods Frameworks";
			outputFileListPaths = (
				"${PODS_ROOT}/Target Support Files/Pods-JournalNote-JournalNoteUITests/Pods-JournalNote-JournalNoteUITests-frameworks-${CONFIGURATION}-output-files.xcfilelist",
			);
			outputPaths = (
			);
			runOnlyForDeploymentPostprocessing = 0;
			shellPath = /bin/sh;
			shellScript = "\"${PODS_ROOT}/Target Support Files/Pods-JournalNote-JournalNoteUITests/Pods-JournalNote-JournalNoteUITests-frameworks.sh\"\n";
			showEnvVarsInLog = 0;
		};
		69E7309F3E8DAD2D09783D8A /* [CP] Check Pods Manifest.lock */ = {
			isa = PBXShellScriptBuildPhase;
			buildActionMask = 2147483647;
			files = (
			);
			inputFileListPaths = (
			);
			inputPaths = (
				"${PODS_PODFILE_DIR_PATH}/Podfile.lock",
				"${PODS_ROOT}/Manifest.lock",
			);
			name = "[CP] Check Pods Manifest.lock";
			outputFileListPaths = (
			);
			outputPaths = (
				"$(DERIVED_FILE_DIR)/Pods-JournalNoteTests-checkManifestLockResult.txt",
			);
			runOnlyForDeploymentPostprocessing = 0;
			shellPath = /bin/sh;
			shellScript = "diff \"${PODS_PODFILE_DIR_PATH}/Podfile.lock\" \"${PODS_ROOT}/Manifest.lock\" > /dev/null\nif [ $? != 0 ] ; then\n    # print error to STDERR\n    echo \"error: The sandbox is not in sync with the Podfile.lock. Run 'pod install' or update your CocoaPods installation.\" >&2\n    exit 1\nfi\n# This output is used by Xcode 'outputs' to avoid re-running this script phase.\necho \"SUCCESS\" > \"${SCRIPT_OUTPUT_FILE_0}\"\n";
			showEnvVarsInLog = 0;
		};
		9CF68A10F09941573C055DFC /* [CP] Check Pods Manifest.lock */ = {
			isa = PBXShellScriptBuildPhase;
			buildActionMask = 2147483647;
			files = (
			);
			inputFileListPaths = (
			);
			inputPaths = (
				"${PODS_PODFILE_DIR_PATH}/Podfile.lock",
				"${PODS_ROOT}/Manifest.lock",
			);
			name = "[CP] Check Pods Manifest.lock";
			outputFileListPaths = (
			);
			outputPaths = (
				"$(DERIVED_FILE_DIR)/Pods-JournalNote-checkManifestLockResult.txt",
			);
			runOnlyForDeploymentPostprocessing = 0;
			shellPath = /bin/sh;
			shellScript = "diff \"${PODS_PODFILE_DIR_PATH}/Podfile.lock\" \"${PODS_ROOT}/Manifest.lock\" > /dev/null\nif [ $? != 0 ] ; then\n    # print error to STDERR\n    echo \"error: The sandbox is not in sync with the Podfile.lock. Run 'pod install' or update your CocoaPods installation.\" >&2\n    exit 1\nfi\n# This output is used by Xcode 'outputs' to avoid re-running this script phase.\necho \"SUCCESS\" > \"${SCRIPT_OUTPUT_FILE_0}\"\n";
			showEnvVarsInLog = 0;
		};
		FDF76C186F101482005E253A /* [CP] Check Pods Manifest.lock */ = {
			isa = PBXShellScriptBuildPhase;
			buildActionMask = 2147483647;
			files = (
			);
			inputFileListPaths = (
			);
			inputPaths = (
				"${PODS_PODFILE_DIR_PATH}/Podfile.lock",
				"${PODS_ROOT}/Manifest.lock",
			);
			name = "[CP] Check Pods Manifest.lock";
			outputFileListPaths = (
			);
			outputPaths = (
				"$(DERIVED_FILE_DIR)/Pods-JournalNote-JournalNoteUITests-checkManifestLockResult.txt",
			);
			runOnlyForDeploymentPostprocessing = 0;
			shellPath = /bin/sh;
			shellScript = "diff \"${PODS_PODFILE_DIR_PATH}/Podfile.lock\" \"${PODS_ROOT}/Manifest.lock\" > /dev/null\nif [ $? != 0 ] ; then\n    # print error to STDERR\n    echo \"error: The sandbox is not in sync with the Podfile.lock. Run 'pod install' or update your CocoaPods installation.\" >&2\n    exit 1\nfi\n# This output is used by Xcode 'outputs' to avoid re-running this script phase.\necho \"SUCCESS\" > \"${SCRIPT_OUTPUT_FILE_0}\"\n";
			showEnvVarsInLog = 0;
		};
/* End PBXShellScriptBuildPhase section */

/* Begin PBXSourcesBuildPhase section */
		042A9B3530357C15007D8AE2 /* Sources */ = {
			isa = PBXSourcesBuildPhase;
			buildActionMask = 2147483647;
			files = (
				042A9B7B30357C20007D8AE2 /* AppDelegate.swift in Sources */,
				042A9BA230357D72007D8AE2 /* TimelineViewController.swift in Sources */,
				042A9BA330357D72007D8AE2 /* PaperComponents.swift in Sources */,
				042A9BA430357D72007D8AE2 /* JournalSetting.swift in Sources */,
				042A9BA530357D72007D8AE2 /* JournalTabBarController.swift in Sources */,
				042A9BA630357D72007D8AE2 /* JournalCardCell.swift in Sources */,
				042A9BA730357D72007D8AE2 /* CalendarViewController.swift in Sources */,
				042A9BA830357D72007D8AE2 /* MoodPickerView.swift in Sources */,
				042A9BA930357D72007D8AE2 /* JournalEntry.swift in Sources */,
				042A9BAA30357D72007D8AE2 /* ProfileViewController.swift in Sources */,
				042A9BAB30357D72007D8AE2 /* JournalRepository.swift in Sources */,
				042A9BAC30357D72007D8AE2 /* JournalMood.swift in Sources */,
				042A9BAD30357D72007D8AE2 /* JournalDesign.swift in Sources */,
				042A9BAE30357D72007D8AE2 /* ComposeViewController.swift in Sources */,
				042A9BAF30357D72007D8AE2 /* JournalBaseViewController.swift in Sources */,
				042A9BB030357D72007D8AE2 /* CalendarDayCell.swift in Sources */,
				042A9BB130357D72007D8AE2 /* JournalDetailViewController.swift in Sources */,
				04A10002306A000000000001 /* OnboardingViewController.swift in Sources */,
				042A9B7C30357C20007D8AE2 /* SceneDelegate.swift in Sources */,
				042A9B7D30357C20007D8AE2 /* ViewController.swift in Sources */,
			);
			runOnlyForDeploymentPostprocessing = 0;
		};
		042A9B4B30357C17007D8AE2 /* Sources */ = {
			isa = PBXSourcesBuildPhase;
			buildActionMask = 2147483647;
			files = (
				042A9B8030357C23007D8AE2 /* JournalNoteTests.swift in Sources */,
			);
			runOnlyForDeploymentPostprocessing = 0;
		};
		042A9B5530357C17007D8AE2 /* Sources */ = {
			isa = PBXSourcesBuildPhase;
			buildActionMask = 2147483647;
			files = (
				042A9B8430357C26007D8AE2 /* JournalNoteUITests.swift in Sources */,
				042A9B8530357C26007D8AE2 /* JournalNoteUITestsLaunchTests.swift in Sources */,
			);
			runOnlyForDeploymentPostprocessing = 0;
		};
/* End PBXSourcesBuildPhase section */

/* Begin PBXTargetDependency section */
		042A9B5130357C17007D8AE2 /* PBXTargetDependency */ = {
			isa = PBXTargetDependency;
			target = 042A9B3830357C15007D8AE2 /* JournalNote */;
			targetProxy = 042A9B5030357C17007D8AE2 /* PBXContainerItemProxy */;
		};
		042A9B5B30357C17007D8AE2 /* PBXTargetDependency */ = {
			isa = PBXTargetDependency;
			target = 042A9B3830357C15007D8AE2 /* JournalNote */;
			targetProxy = 042A9B5A30357C17007D8AE2 /* PBXContainerItemProxy */;
		};
/* End PBXTargetDependency section */

/* Begin PBXVariantGroup section */
		042A9B7130357C20007D8AE2 /* LaunchScreen.storyboard */ = {
			isa = PBXVariantGroup;
			children = (
				042A9B7030357C20007D8AE2 /* Base */,
			);
			name = LaunchScreen.storyboard;
			sourceTree = "<group>";
		};
		042A9B7330357C20007D8AE2 /* Main.storyboard */ = {
			isa = PBXVariantGroup;
			children = (
				042A9B7230357C20007D8AE2 /* Base */,
			);
			name = Main.storyboard;
			sourceTree = "<group>";
		};
/* End PBXVariantGroup section */

/* Begin XCBuildConfiguration section */
		042A9B6330357C17007D8AE2 /* Debug */ = {
			isa = XCBuildConfiguration;
			baseConfigurationReference = 106573FE886035CD55601DBC /* Pods-JournalNote.debug.xcconfig */;
			buildSettings = {
				ASSETCATALOG_COMPILER_APPICON_NAME = AppIcon;
				ASSETCATALOG_COMPILER_GLOBAL_ACCENT_COLOR_NAME = AccentColor;
				CODE_SIGN_STYLE = Automatic;
				CURRENT_PROJECT_VERSION = 1;
				DEVELOPMENT_TEAM = 4NX335G8BX;
				GENERATE_INFOPLIST_FILE = YES;
				INFOPLIST_FILE = JournalNote/Info.plist;
				INFOPLIST_KEY_CFBundleDisplayName = "拾光手账";
				INFOPLIST_KEY_UIApplicationSupportsIndirectInputEvents = YES;
				INFOPLIST_KEY_UILaunchStoryboardName = LaunchScreen;
				INFOPLIST_KEY_UISupportedInterfaceOrientations_iPad = "UIInterfaceOrientationPortrait UIInterfaceOrientationPortraitUpsideDown UIInterfaceOrientationLandscapeLeft UIInterfaceOrientationLandscapeRight";
				INFOPLIST_KEY_UISupportedInterfaceOrientations_iPhone = "UIInterfaceOrientationPortrait UIInterfaceOrientationLandscapeLeft UIInterfaceOrientationLandscapeRight";
				IPHONEOS_DEPLOYMENT_TARGET = 15.0;
				LD_RUNPATH_SEARCH_PATHS = (
					"$(inherited)",
					"@executable_path/Frameworks",
				);
				MARKETING_VERSION = 1.0.0;
				PRODUCT_BUNDLE_IDENTIFIER = com.yolanda.JournalNote;
				PRODUCT_NAME = "$(TARGET_NAME)";
				STRING_CATALOG_GENERATE_SYMBOLS = YES;
				SUPPORTED_PLATFORMS = "iphoneos iphonesimulator";
				SUPPORTS_MACCATALYST = NO;
				SUPPORTS_MAC_DESIGNED_FOR_IPHONE_IPAD = NO;
				SUPPORTS_XR_DESIGNED_FOR_IPHONE_IPAD = NO;
				SWIFT_APPROACHABLE_CONCURRENCY = YES;
				SWIFT_DEFAULT_ACTOR_ISOLATION = MainActor;
				SWIFT_EMIT_LOC_STRINGS = YES;
				SWIFT_UPCOMING_FEATURE_MEMBER_IMPORT_VISIBILITY = YES;
				SWIFT_VERSION = 5.0;
				TARGETED_DEVICE_FAMILY = "1,2";
			};
			name = Debug;
		};
		042A9B6430357C17007D8AE2 /* Release */ = {
			isa = XCBuildConfiguration;
			baseConfigurationReference = 69A62BDB45C7E51732986329 /* Pods-JournalNote.release.xcconfig */;
			buildSettings = {
				ASSETCATALOG_COMPILER_APPICON_NAME = AppIcon;
				ASSETCATALOG_COMPILER_GLOBAL_ACCENT_COLOR_NAME = AccentColor;
				CODE_SIGN_STYLE = Automatic;
				CURRENT_PROJECT_VERSION = 1;
				DEVELOPMENT_TEAM = 4NX335G8BX;
				GENERATE_INFOPLIST_FILE = YES;
				INFOPLIST_FILE = JournalNote/Info.plist;
				INFOPLIST_KEY_CFBundleDisplayName = "拾光手账";
				INFOPLIST_KEY_UIApplicationSupportsIndirectInputEvents = YES;
				INFOPLIST_KEY_UILaunchStoryboardName = LaunchScreen;
				INFOPLIST_KEY_UISupportedInterfaceOrientations_iPad = "UIInterfaceOrientationPortrait UIInterfaceOrientationPortraitUpsideDown UIInterfaceOrientationLandscapeLeft UIInterfaceOrientationLandscapeRight";
				INFOPLIST_KEY_UISupportedInterfaceOrientations_iPhone = "UIInterfaceOrientationPortrait UIInterfaceOrientationLandscapeLeft UIInterfaceOrientationLandscapeRight";
				IPHONEOS_DEPLOYMENT_TARGET = 15.0;
				LD_RUNPATH_SEARCH_PATHS = (
					"$(inherited)",
					"@executable_path/Frameworks",
				);
				MARKETING_VERSION = 1.0.0;
				PRODUCT_BUNDLE_IDENTIFIER = com.yolanda.JournalNote;
				PRODUCT_NAME = "$(TARGET_NAME)";
				STRING_CATALOG_GENERATE_SYMBOLS = YES;
				SUPPORTED_PLATFORMS = "iphoneos iphonesimulator";
				SUPPORTS_MACCATALYST = NO;
				SUPPORTS_MAC_DESIGNED_FOR_IPHONE_IPAD = NO;
				SUPPORTS_XR_DESIGNED_FOR_IPHONE_IPAD = NO;
				SWIFT_APPROACHABLE_CONCURRENCY = YES;
				SWIFT_DEFAULT_ACTOR_ISOLATION = MainActor;
				SWIFT_EMIT_LOC_STRINGS = YES;
				SWIFT_UPCOMING_FEATURE_MEMBER_IMPORT_VISIBILITY = YES;
				SWIFT_VERSION = 5.0;
				TARGETED_DEVICE_FAMILY = "1,2";
			};
			name = Release;
		};
		042A9B6530357C17007D8AE2 /* Debug */ = {
			isa = XCBuildConfiguration;
			buildSettings = {
				ALWAYS_SEARCH_USER_PATHS = NO;
				ASSETCATALOG_COMPILER_GENERATE_SWIFT_ASSET_SYMBOL_EXTENSIONS = YES;
				CLANG_ANALYZER_NONNULL = YES;
				CLANG_ANALYZER_NUMBER_OBJECT_CONVERSION = YES_AGGRESSIVE;
				CLANG_CXX_LANGUAGE_STANDARD = "gnu++20";
				CLANG_ENABLE_MODULES = YES;
				CLANG_ENABLE_OBJC_ARC = YES;
				CLANG_ENABLE_OBJC_WEAK = YES;
				CLANG_WARN_BLOCK_CAPTURE_AUTORELEASING = YES;
				CLANG_WARN_BOOL_CONVERSION = YES;
				CLANG_WARN_COMMA = YES;
				CLANG_WARN_CONSTANT_CONVERSION = YES;
				CLANG_WARN_DEPRECATED_OBJC_IMPLEMENTATIONS = YES;
				CLANG_WARN_DIRECT_OBJC_ISA_USAGE = YES_ERROR;
				CLANG_WARN_DOCUMENTATION_COMMENTS = YES;
				CLANG_WARN_EMPTY_BODY = YES;
				CLANG_WARN_ENUM_CONVERSION = YES;
				CLANG_WARN_INFINITE_RECURSION = YES;
				CLANG_WARN_INT_CONVERSION = YES;
				CLANG_WARN_NON_LITERAL_NULL_CONVERSION = YES;
				CLANG_WARN_OBJC_IMPLICIT_RETAIN_SELF = YES;
				CLANG_WARN_OBJC_LITERAL_CONVERSION = YES;
				CLANG_WARN_OBJC_ROOT_CLASS = YES_ERROR;
				CLANG_WARN_QUOTED_INCLUDE_IN_FRAMEWORK_HEADER = YES;
				CLANG_WARN_RANGE_LOOP_ANALYSIS = YES;
				CLANG_WARN_STRICT_PROTOTYPES = YES;
				CLANG_WARN_SUSPICIOUS_MOVE = YES;
				CLANG_WARN_UNGUARDED_AVAILABILITY = YES_AGGRESSIVE;
				CLANG_WARN_UNREACHABLE_CODE = YES;
				CLANG_WARN__DUPLICATE_METHOD_MATCH = YES;
				COPY_PHASE_STRIP = NO;
				DEBUG_INFORMATION_FORMAT = dwarf;
				DEVELOPMENT_TEAM = 4NX335G8BX;
				ENABLE_STRICT_OBJC_MSGSEND = YES;
				ENABLE_TESTABILITY = YES;
				ENABLE_USER_SCRIPT_SANDBOXING = NO;
				GCC_C_LANGUAGE_STANDARD = gnu17;
				GCC_DYNAMIC_NO_PIC = NO;
				GCC_NO_COMMON_BLOCKS = YES;
				GCC_OPTIMIZATION_LEVEL = 0;
				GCC_PREPROCESSOR_DEFINITIONS = (
					"DEBUG=1",
					"$(inherited)",
				);
				GCC_WARN_64_TO_32_BIT_CONVERSION = YES;
				GCC_WARN_ABOUT_RETURN_TYPE = YES_ERROR;
				GCC_WARN_UNDECLARED_SELECTOR = YES;
				GCC_WARN_UNINITIALIZED_AUTOS = YES_AGGRESSIVE;
				GCC_WARN_UNUSED_FUNCTION = YES;
				GCC_WARN_UNUSED_VARIABLE = YES;
				IPHONEOS_DEPLOYMENT_TARGET = 26.5;
				LOCALIZATION_PREFERS_STRING_CATALOGS = YES;
				MTL_ENABLE_DEBUG_INFO = INCLUDE_SOURCE;
				MTL_FAST_MATH = YES;
				ONLY_ACTIVE_ARCH = YES;
				SDKROOT = iphoneos;
				SWIFT_ACTIVE_COMPILATION_CONDITIONS = "DEBUG $(inherited)";
				SWIFT_OPTIMIZATION_LEVEL = "-Onone";
			};
			name = Debug;
		};
		042A9B6630357C17007D8AE2 /* Release */ = {
			isa = XCBuildConfiguration;
			buildSettings = {
				ALWAYS_SEARCH_USER_PATHS = NO;
				ASSETCATALOG_COMPILER_GENERATE_SWIFT_ASSET_SYMBOL_EXTENSIONS = YES;
				CLANG_ANALYZER_NONNULL = YES;
				CLANG_ANALYZER_NUMBER_OBJECT_CONVERSION = YES_AGGRESSIVE;
				CLANG_CXX_LANGUAGE_STANDARD = "gnu++20";
				CLANG_ENABLE_MODULES = YES;
				CLANG_ENABLE_OBJC_ARC = YES;
				CLANG_ENABLE_OBJC_WEAK = YES;
				CLANG_WARN_BLOCK_CAPTURE_AUTORELEASING = YES;
				CLANG_WARN_BOOL_CONVERSION = YES;
				CLANG_WARN_COMMA = YES;
				CLANG_WARN_CONSTANT_CONVERSION = YES;
				CLANG_WARN_DEPRECATED_OBJC_IMPLEMENTATIONS = YES;
				CLANG_WARN_DIRECT_OBJC_ISA_USAGE = YES_ERROR;
				CLANG_WARN_DOCUMENTATION_COMMENTS = YES;
				CLANG_WARN_EMPTY_BODY = YES;
				CLANG_WARN_ENUM_CONVERSION = YES;
				CLANG_WARN_INFINITE_RECURSION = YES;
				CLANG_WARN_INT_CONVERSION = YES;
				CLANG_WARN_NON_LITERAL_NULL_CONVERSION = YES;
				CLANG_WARN_OBJC_IMPLICIT_RETAIN_SELF = YES;
				CLANG_WARN_OBJC_LITERAL_CONVERSION = YES;
				CLANG_WARN_OBJC_ROOT_CLASS = YES_ERROR;
				CLANG_WARN_QUOTED_INCLUDE_IN_FRAMEWORK_HEADER = YES;
				CLANG_WARN_RANGE_LOOP_ANALYSIS = YES;
				CLANG_WARN_STRICT_PROTOTYPES = YES;
				CLANG_WARN_SUSPICIOUS_MOVE = YES;
				CLANG_WARN_UNGUARDED_AVAILABILITY = YES_AGGRESSIVE;
				CLANG_WARN_UNREACHABLE_CODE = YES;
				CLANG_WARN__DUPLICATE_METHOD_MATCH = YES;
				COPY_PHASE_STRIP = NO;
				DEBUG_INFORMATION_FORMAT = "dwarf-with-dsym";
				DEVELOPMENT_TEAM = 4NX335G8BX;
				ENABLE_NS_ASSERTIONS = NO;
				ENABLE_STRICT_OBJC_MSGSEND = YES;
				ENABLE_USER_SCRIPT_SANDBOXING = NO;
				GCC_C_LANGUAGE_STANDARD = gnu17;
				GCC_NO_COMMON_BLOCKS = YES;
				GCC_WARN_64_TO_32_BIT_CONVERSION = YES;
				GCC_WARN_ABOUT_RETURN_TYPE = YES_ERROR;
				GCC_WARN_UNDECLARED_SELECTOR = YES;
				GCC_WARN_UNINITIALIZED_AUTOS = YES_AGGRESSIVE;
				GCC_WARN_UNUSED_FUNCTION = YES;
				GCC_WARN_UNUSED_VARIABLE = YES;
				IPHONEOS_DEPLOYMENT_TARGET = 26.5;
				LOCALIZATION_PREFERS_STRING_CATALOGS = YES;
				MTL_ENABLE_DEBUG_INFO = NO;
				MTL_FAST_MATH = YES;
				SDKROOT = iphoneos;
				SWIFT_COMPILATION_MODE = wholemodule;
				VALIDATE_PRODUCT = YES;
			};
			name = Release;
		};
		042A9B6830357C17007D8AE2 /* Debug */ = {
			isa = XCBuildConfiguration;
			baseConfigurationReference = EA010329E13C089E15B0F26F /* Pods-JournalNoteTests.debug.xcconfig */;
			buildSettings = {
				BUNDLE_LOADER = "$(TEST_HOST)";
				CODE_SIGN_STYLE = Automatic;
				CURRENT_PROJECT_VERSION = 1;
				DEVELOPMENT_TEAM = 4NX335G8BX;
				GENERATE_INFOPLIST_FILE = YES;
				IPHONEOS_DEPLOYMENT_TARGET = 26.5;
				MARKETING_VERSION = 1.0;
				PRODUCT_BUNDLE_IDENTIFIER = com.yolanda.JournalNoteTests;
				PRODUCT_NAME = "$(TARGET_NAME)";
				STRING_CATALOG_GENERATE_SYMBOLS = NO;
				SWIFT_APPROACHABLE_CONCURRENCY = YES;
				SWIFT_EMIT_LOC_STRINGS = NO;
				SWIFT_UPCOMING_FEATURE_MEMBER_IMPORT_VISIBILITY = YES;
				SWIFT_VERSION = 5.0;
				TARGETED_DEVICE_FAMILY = "1,2";
				TEST_HOST = "$(BUILT_PRODUCTS_DIR)/JournalNote.app/$(BUNDLE_EXECUTABLE_FOLDER_PATH)/JournalNote";
			};
			name = Debug;
		};
		042A9B6930357C17007D8AE2 /* Release */ = {
			isa = XCBuildConfiguration;
			baseConfigurationReference = F4FBE44E69824B9427DB4F5C /* Pods-JournalNoteTests.release.xcconfig */;
			buildSettings = {
				BUNDLE_LOADER = "$(TEST_HOST)";
				CODE_SIGN_STYLE = Automatic;
				CURRENT_PROJECT_VERSION = 1;
				DEVELOPMENT_TEAM = 4NX335G8BX;
				GENERATE_INFOPLIST_FILE = YES;
				IPHONEOS_DEPLOYMENT_TARGET = 26.5;
				MARKETING_VERSION = 1.0;
				PRODUCT_BUNDLE_IDENTIFIER = com.yolanda.JournalNoteTests;
				PRODUCT_NAME = "$(TARGET_NAME)";
				STRING_CATALOG_GENERATE_SYMBOLS = NO;
				SWIFT_APPROACHABLE_CONCURRENCY = YES;
				SWIFT_EMIT_LOC_STRINGS = NO;
				SWIFT_UPCOMING_FEATURE_MEMBER_IMPORT_VISIBILITY = YES;
				SWIFT_VERSION = 5.0;
				TARGETED_DEVICE_FAMILY = "1,2";
				TEST_HOST = "$(BUILT_PRODUCTS_DIR)/JournalNote.app/$(BUNDLE_EXECUTABLE_FOLDER_PATH)/JournalNote";
			};
			name = Release;
		};
		042A9B6B30357C17007D8AE2 /* Debug */ = {
			isa = XCBuildConfiguration;
			baseConfigurationReference = 21A66107176B75A55AD2EE16 /* Pods-JournalNote-JournalNoteUITests.debug.xcconfig */;
			buildSettings = {
				CODE_SIGN_STYLE = Automatic;
				CURRENT_PROJECT_VERSION = 1;
				DEVELOPMENT_TEAM = 4NX335G8BX;
				GENERATE_INFOPLIST_FILE = YES;
				MARKETING_VERSION = 1.0;
				PRODUCT_BUNDLE_IDENTIFIER = com.yolanda.JournalNoteUITests;
				PRODUCT_NAME = "$(TARGET_NAME)";
				STRING_CATALOG_GENERATE_SYMBOLS = NO;
				SWIFT_APPROACHABLE_CONCURRENCY = YES;
				SWIFT_EMIT_LOC_STRINGS = NO;
				SWIFT_UPCOMING_FEATURE_MEMBER_IMPORT_VISIBILITY = YES;
				SWIFT_VERSION = 5.0;
				TARGETED_DEVICE_FAMILY = "1,2";
				TEST_TARGET_NAME = JournalNote;
			};
			name = Debug;
		};
		042A9B6C30357C17007D8AE2 /* Release */ = {
			isa = XCBuildConfiguration;
			baseConfigurationReference = 9463C29DA42EE3D4EDB0728C /* Pods-JournalNote-JournalNoteUITests.release.xcconfig */;
			buildSettings = {
				CODE_SIGN_STYLE = Automatic;
				CURRENT_PROJECT_VERSION = 1;
				DEVELOPMENT_TEAM = 4NX335G8BX;
				GENERATE_INFOPLIST_FILE = YES;
				MARKETING_VERSION = 1.0;
				PRODUCT_BUNDLE_IDENTIFIER = com.yolanda.JournalNoteUITests;
				PRODUCT_NAME = "$(TARGET_NAME)";
				STRING_CATALOG_GENERATE_SYMBOLS = NO;
				SWIFT_APPROACHABLE_CONCURRENCY = YES;
				SWIFT_EMIT_LOC_STRINGS = NO;
				SWIFT_UPCOMING_FEATURE_MEMBER_IMPORT_VISIBILITY = YES;
				SWIFT_VERSION = 5.0;
				TARGETED_DEVICE_FAMILY = "1,2";
				TEST_TARGET_NAME = JournalNote;
			};
			name = Release;
		};
/* End XCBuildConfiguration section */

/* Begin XCConfigurationList section */
		042A9B3430357C15007D8AE2 /* Build configuration list for PBXProject "JournalNote" */ = {
			isa = XCConfigurationList;
			buildConfigurations = (
				042A9B6530357C17007D8AE2 /* Debug */,
				042A9B6630357C17007D8AE2 /* Release */,
			);
			defaultConfigurationIsVisible = 0;
			defaultConfigurationName = Release;
		};
		042A9B6230357C17007D8AE2 /* Build configuration list for PBXNativeTarget "JournalNote" */ = {
			isa = XCConfigurationList;
			buildConfigurations = (
				042A9B6330357C17007D8AE2 /* Debug */,
				042A9B6430357C17007D8AE2 /* Release */,
			);
			defaultConfigurationIsVisible = 0;
			defaultConfigurationName = Release;
		};
		042A9B6730357C17007D8AE2 /* Build configuration list for PBXNativeTarget "JournalNoteTests" */ = {
			isa = XCConfigurationList;
			buildConfigurations = (
				042A9B6830357C17007D8AE2 /* Debug */,
				042A9B6930357C17007D8AE2 /* Release */,
			);
			defaultConfigurationIsVisible = 0;
			defaultConfigurationName = Release;
		};
		042A9B6A30357C17007D8AE2 /* Build configuration list for PBXNativeTarget "JournalNoteUITests" */ = {
			isa = XCConfigurationList;
			buildConfigurations = (
				042A9B6B30357C17007D8AE2 /* Debug */,
				042A9B6C30357C17007D8AE2 /* Release */,
			);
			defaultConfigurationIsVisible = 0;
			defaultConfigurationName = Release;
		};
/* End XCConfigurationList section */
	};
	rootObject = 042A9B3130357C15007D8AE2 /* Project object */;
}
